
Microsoft Visual Studio Solution File, Format Version 12.00
# Visual Studio Version 17
VisualStudioVersion = 17.2.32427.441
MinimumVisualStudioVersion = 10.0.40219.1
Project("{9A19103F-16F7-4668-BE54-9A1E7A4F7556}") = "CatDb", "CatDb\CatDb.csproj", "{1EC618BE-E0D2-43D3-84CD-7CCCEB51EE08}"
EndProject
Project("{9A19103F-16F7-4668-BE54-9A1E7A4F7556}") = "CatDb.GettingStarted", "CatDb.GettingStarted\CatDb.GettingStarted.csproj", "{98A44BBC-0FCD-4BFA-A9E2-0775D6988E0C}"
EndProject
Global
	GlobalSection(SolutionConfigurationPlatforms) = preSolution
		Debug|Any CPU = Debug|Any CPU
		Release|Any CPU = Release|Any CPU
	EndGlobalSection
	GlobalSection(ProjectConfigurationPlatforms) = postSolution
		{1EC618BE-E0D2-43D3-84CD-7CCCEB51EE08}.Debug|Any CPU.ActiveCfg = Debug|Any CPU
		{1EC618BE-E0D2-43D3-84CD-7CCCEB51EE08}.Debug|Any CPU.Build.0 = Debug|Any CPU
		{1EC618BE-E0D2-43D3-84CD-7CCCEB51EE08}.Release|Any CPU.ActiveCfg = Release|Any CPU
		{1EC618BE-E0D2-43D3-84CD-7CCCEB51EE08}.Release|Any CPU.Build.0 = Release|Any CPU
		{98A44BBC-0FCD-4BFA-A9E2-0775D6988E0C}.Debug|Any CPU.ActiveCfg = Debug|Any CPU
		{98A44BBC-0FCD-4BFA-A9E2-0775D6988E0C}.Debug|Any CPU.Build.0 = Debug|Any CPU
		{98A44BBC-0FCD-4BFA-A9E2-0775D6988E0C}.Release|Any CPU.ActiveCfg = Release|Any CPU
		{98A44BBC-0FCD-4BFA-A9E2-0775D6988E0C}.Release|Any CPU.Build.0 = Release|Any CPU
	EndGlobalSection
	GlobalSection(SolutionProperties) = preSolution
		HideSolutionNode = FALSE
	EndGlobalSection
	GlobalSection(ExtensibilityGlobals) = postSolution
		SolutionGuid = {BE273048-393F-4CF4-B6E7-5E199D850C60}
	EndGlobalSection
	GlobalSection(SubversionScc) = preSolution
		Svn-Managed = True
		Manager = AnkhSVN - Subversion Support for Visual Studio
	EndGlobalSection
EndGlobal
